
Microsoft Visual Studio Solution File, Format Version 12.00
# Visual Studio Version 16
VisualStudioVersion = 16.0.31112.23
MinimumVisualStudioVersion = 10.0.40219.1
Project("{FAE04EC0-301F-11D3-BF4B-00C04F79EFBC}") = "WebAlumnos", "WebAlumnos\WebAlumnos.csproj", "{E2C7A448-222C-48CF-AA04-54033B4875CE}"
EndProject
Global
	GlobalSection(SolutionConfigurationPlatforms) = preSolution
		Debug|Any CPU = Debug|Any CPU
		Release|Any CPU = Release|Any CPU
	EndGlobalSection
	GlobalSection(ProjectConfigurationPlatforms) = postSolution
		{E2C7A448-222C-48CF-AA04-54033B4875CE}.Debug|Any CPU.ActiveCfg = Debug|Any CPU
		{E2C7A448-222C-48CF-AA04-54033B4875CE}.Debug|Any CPU.Build.0 = Debug|Any CPU
		{E2C7A448-222C-48CF-AA04-54033B4875CE}.Release|Any CPU.ActiveCfg = Release|Any CPU
		{E2C7A448-222C-48CF-AA04-54033B4875CE}.Release|Any CPU.Build.0 = Release|Any CPU
	EndGlobalSection
	GlobalSection(SolutionProperties) = preSolution
		HideSolutionNode = FALSE
	EndGlobalSection
	GlobalSection(ExtensibilityGlobals) = postSolution
		SolutionGuid = {145D39F3-B2C2-4A3E-BB78-C40A31D5BC0F}
	EndGlobalSection
EndGlobal
